
Microsoft Visual Studio Solution File, Format Version 12.00
# Visual Studio 14
VisualStudioVersion = 14.0.23107.0
MinimumVisualStudioVersion = 10.0.40219.1
Project("{FAE04EC0-301F-11D3-BF4B-00C04F79EFBC}") = "mathmagician", "mathmagician.csproj", "{BFCACE29-0AC8-4F40-90D8-CD3AB8B2D711}"
EndProject
Global
	GlobalSection(SolutionConfigurationPlatforms) = preSolution
		Debug|Any CPU = Debug|Any CPU
		Release|Any CPU = Release|Any CPU
	EndGlobalSection
	GlobalSection(ProjectConfigurationPlatforms) = postSolution
		{BFCACE29-0AC8-4F40-90D8-CD3AB8B2D711}.Debug|Any CPU.ActiveCfg = Debug|Any CPU
		{BFCACE29-0AC8-4F40-90D8-CD3AB8B2D711}.Debug|Any CPU.Build.0 = Debug|Any CPU
		{BFCACE29-0AC8-4F40-90D8-CD3AB8B2D711}.Release|Any CPU.ActiveCfg = Release|Any CPU
		{BFCACE29-0AC8-4F40-90D8-CD3AB8B2D711}.Release|Any CPU.Build.0 = Release|Any CPU
	EndGlobalSection
	GlobalSection(SolutionProperties) = preSolution
		HideSolutionNode = FALSE
	EndGlobalSection
EndGlobal
